
Microsoft Visual Studio Solution File, Format Version 12.00
# Visual Studio 15
VisualStudioVersion = 15.0.27703.2042
MinimumVisualStudioVersion = 10.0.40219.1
Project("{FAE04EC0-301F-11D3-BF4B-00C04F79EFBC}") = "Movies", "Movies\Movies.csproj", "{76A289FD-B573-4E07-BB25-D516A3D994F6}"
EndProject
Project("{FAE04EC0-301F-11D3-BF4B-00C04F79EFBC}") = "Movies.Models", "Movies.Models\Movies.Models.csproj", "{1B6C1BE4-9DFF-4636-91F2-F4BDDD54DADE}"
EndProject
Project("{FAE04EC0-301F-11D3-BF4B-00C04F79EFBC}") = "Movies.DataAccess", "Movies.DataAccess\Movies.DataAccess.csproj", "{6297931D-14ED-4891-BE64-336177391B32}"
EndProject
Project("{FAE04EC0-301F-11D3-BF4B-00C04F79EFBC}") = "Movies.Tests", "Movies.Tests\Movies.Tests.csproj", "{B5D3701D-505C-447A-AB37-D7C655054E99}"
EndProject
Global
	GlobalSection(SolutionConfigurationPlatforms) = preSolution
		Debug|Any CPU = Debug|Any CPU
		Release|Any CPU = Release|Any CPU
	EndGlobalSection
	GlobalSection(ProjectConfigurationPlatforms) = postSolution
		{76A289FD-B573-4E07-BB25-D516A3D994F6}.Debug|Any CPU.ActiveCfg = Debug|Any CPU
		{76A289FD-B573-4E07-BB25-D516A3D994F6}.Debug|Any CPU.Build.0 = Debug|Any CPU
		{76A289FD-B573-4E07-BB25-D516A3D994F6}.Release|Any CPU.ActiveCfg = Release|Any CPU
		{76A289FD-B573-4E07-BB25-D516A3D994F6}.Release|Any CPU.Build.0 = Release|Any CPU
		{1B6C1BE4-9DFF-4636-91F2-F4BDDD54DADE}.Debug|Any CPU.ActiveCfg = Debug|Any CPU
		{1B6C1BE4-9DFF-4636-91F2-F4BDDD54DADE}.Debug|Any CPU.Build.0 = Debug|Any CPU
		{1B6C1BE4-9DFF-4636-91F2-F4BDDD54DADE}.Release|Any CPU.ActiveCfg = Release|Any CPU
		{1B6C1BE4-9DFF-4636-91F2-F4BDDD54DADE}.Release|Any CPU.Build.0 = Release|Any CPU
		{6297931D-14ED-4891-BE64-336177391B32}.Debug|Any CPU.ActiveCfg = Debug|Any CPU
		{6297931D-14ED-4891-BE64-336177391B32}.Debug|Any CPU.Build.0 = Debug|Any CPU
		{6297931D-14ED-4891-BE64-336177391B32}.Release|Any CPU.ActiveCfg = Release|Any CPU
		{6297931D-14ED-4891-BE64-336177391B32}.Release|Any CPU.Build.0 = Release|Any CPU
		{B5D3701D-505C-447A-AB37-D7C655054E99}.Debug|Any CPU.ActiveCfg = Debug|Any CPU
		{B5D3701D-505C-447A-AB37-D7C655054E99}.Debug|Any CPU.Build.0 = Debug|Any CPU
		{B5D3701D-505C-447A-AB37-D7C655054E99}.Release|Any CPU.ActiveCfg = Release|Any CPU
		{B5D3701D-505C-447A-AB37-D7C655054E99}.Release|Any CPU.Build.0 = Release|Any CPU
	EndGlobalSection
	GlobalSection(SolutionProperties) = preSolution
		HideSolutionNode = FALSE
	EndGlobalSection
	GlobalSection(ExtensibilityGlobals) = postSolution
		SolutionGuid = {E3772C74-43F7-48EB-B9BA-B311CF52F20B}
	EndGlobalSection
EndGlobal
